# THIS IS AN AUTOGENERATED FILE. DO NOT EDIT THIS FILE DIRECTLY.
# yarn lockfile v1


"@babel/runtime@^7.0.0":
  version "7.3.1"
  resolved "https://registry.yarnpkg.com/@babel/runtime/-/runtime-7.3.1.tgz#574b03e8e8a9898eaf4a872a92ea20b7846f6f2a"
  integrity sha512-7jGW8ppV0ant637pIqAcFfQDDH1orEPGJb8aXfUozuCU3QqX7rX4DA8iwrbPrR1hcH0FTTHz47yQnk+bl5xHQA==
  dependencies:
    regenerator-runtime "^0.12.0"

"@types/zen-observable@^0.8.0":
  version "0.8.0"
  resolved "https://registry.yarnpkg.com/@types/zen-observable/-/zen-observable-0.8.0.tgz#8b63ab7f1aa5321248aad5ac890a485656dcea4d"
  integrity sha512-te5lMAWii1uEJ4FwLjzdlbw3+n0FZNOvFXHxQDKeT0dilh7HOzdMzV2TrJVUzq8ep7J4Na8OUYPRLSQkJHAlrg==

apollo-cache@1.1.25:
  version "1.1.25"
  resolved "https://registry.yarnpkg.com/apollo-cache/-/apollo-cache-1.1.25.tgz#87a15a2a19993bb07234ccee6839b59d6fb49ac5"
  integrity sha512-9HhI/tVEHAeGaJJvi1Vpf6PzXUCA0PqNbigi2G3uOc180JjxbcaBvEbKXMEDb/UyTXkFWzI4PiPDuDQFqmIMSA==
  dependencies:
    apollo-utilities "^1.1.2"
    tslib "^1.9.3"

apollo-client@^2.4.7:
  version "2.4.12"
  resolved "https://registry.yarnpkg.com/apollo-client/-/apollo-client-2.4.12.tgz#9fa15f502d04f8cc788a9fbb825163b437681504"
  integrity sha512-E5ClFSB9btJLYibLKwLDSCg+w9tI+25eZgXOM+DClawu7of4d/xhuV/xvpuZpsMP3qwrp0QPacBnfG4tUJs3/w==
  dependencies:
    "@types/zen-observable" "^0.8.0"
    apollo-cache "1.1.25"
    apollo-link "^1.0.0"
    apollo-link-dedup "^1.0.0"
    apollo-utilities "1.1.2"
    symbol-observable "^1.0.2"
    tslib "^1.9.3"
    zen-observable "^0.8.0"

apollo-link-dedup@^1.0.0:
  version "1.0.15"
  resolved "https://registry.yarnpkg.com/apollo-link-dedup/-/apollo-link-dedup-1.0.15.tgz#028148f1028e806a9ab2f4abf3bde9dc292565e9"
  integrity sha512-14/+Tg7ogcYVrvZa8C7uBQIvX2B/dCKSnojI41yDYGp/t2eWD5ITCWdgjhciXpi0Ij6z+NRyMEebACz3EOwm4w==
  dependencies:
    apollo-link "^1.2.8"

apollo-link@^1.0.0, apollo-link@^1.2.8:
  version "1.2.8"
  resolved "https://registry.yarnpkg.com/apollo-link/-/apollo-link-1.2.8.tgz#0f252adefd5047ac1a9f35ba9439d216587dcd84"
  integrity sha512-lfzGRxhK9RmiH3HPFi7TIEBhhDY9M5a2ZDnllcfy5QDk7cCQHQ1WQArcw1FK0g1B+mV4Kl72DSrlvZHZJEolrA==
  dependencies:
    zen-observable-ts "^0.8.15"

apollo-utilities@1.1.2, apollo-utilities@^1.1.2:
  version "1.1.2"
  resolved "https://registry.yarnpkg.com/apollo-utilities/-/apollo-utilities-1.1.2.tgz#aa5eca9d1f1eb721c381a22e0dde03559d856db3"
  integrity sha512-EjDx8vToK+zkWIxc76ZQY/irRX52puNg04xf/w8R0kVTDAgHuVfnFVC01O5vE25kFnIaa5em0pFI0p9b6YMkhQ==
  dependencies:
    fast-json-stable-stringify "^2.0.0"
    tslib "^1.9.3"

asap@~2.0.3:
  version "2.0.6"
  resolved "https://registry.yarnpkg.com/asap/-/asap-2.0.6.tgz#e50347611d7e690943208bbdafebcbc2fb866d46"
  integrity sha1-5QNHYR1+aQlDIIu9r+vLwvuGbUY=

change-emitter@^0.1.2:
  version "0.1.6"
  resolved "https://registry.yarnpkg.com/change-emitter/-/change-emitter-0.1.6.tgz#e8b2fe3d7f1ab7d69a32199aff91ea6931409515"
  integrity sha1-6LL+PX8at9aaMhma/5HqaTFAlRU=

core-js@^1.0.0:
  version "1.2.7"
  resolved "https://registry.yarnpkg.com/core-js/-/core-js-1.2.7.tgz#652294c14651db28fa93bd2d5ff2983a4f08c636"
  integrity sha1-ZSKUwUZR2yj6k70tX/KYOk8IxjY=

core-js@^2.4.1:
  version "2.6.3"
  resolved "https://registry.yarnpkg.com/core-js/-/core-js-2.6.3.tgz#4b70938bdffdaf64931e66e2db158f0892289c49"
  integrity sha512-l00tmFFZOBHtYhN4Cz7k32VM7vTn3rE2ANjQDxdEN6zmXZ/xq1jQuutnmHvMG1ZJ7xd72+TA5YpUK8wz3rWsfQ==

encoding@^0.1.11:
  version "0.1.12"
  resolved "https://registry.yarnpkg.com/encoding/-/encoding-0.1.12.tgz#538b66f3ee62cd1ab51ec323829d1f9480c74beb"
  integrity sha1-U4tm8+5izRq1HsMjgp0flIDHS+s=
  dependencies:
    iconv-lite "~0.4.13"

fast-json-stable-stringify@^2.0.0:
  version "2.0.0"
  resolved "https://registry.yarnpkg.com/fast-json-stable-stringify/-/fast-json-stable-stringify-2.0.0.tgz#d5142c0caee6b1189f87d3a76111064f86c8bbf2"
  integrity sha1-1RQsDK7msRifh9OnYREGT4bIu/I=

fbjs-css-vars@^1.0.0:
  version "1.0.2"
  resolved "https://registry.yarnpkg.com/fbjs-css-vars/-/fbjs-css-vars-1.0.2.tgz#216551136ae02fe255932c3ec8775f18e2c078b8"
  integrity sha512-b2XGFAFdWZWg0phtAWLHCk836A1Xann+I+Dgd3Gk64MHKZO44FfoD1KxyvbSh0qZsIoXQGGlVztIY+oitJPpRQ==

fbjs@^0.8.1:
  version "0.8.17"
  resolved "https://registry.yarnpkg.com/fbjs/-/fbjs-0.8.17.tgz#c4d598ead6949112653d6588b01a5cdcd9f90fdd"
  integrity sha1-xNWY6taUkRJlPWWIsBpc3Nn5D90=
  dependencies:
    core-js "^1.0.0"
    isomorphic-fetch "^2.1.1"
    loose-envify "^1.0.0"
    object-assign "^4.1.0"
    promise "^7.1.1"
    setimmediate "^1.0.5"
    ua-parser-js "^0.7.18"

fbjs@^1.0.0:
  version "1.0.0"
  resolved "https://registry.yarnpkg.com/fbjs/-/fbjs-1.0.0.tgz#52c215e0883a3c86af2a7a776ed51525ae8e0a5a"
  integrity sha512-MUgcMEJaFhCaF1QtWGnmq9ZDRAzECTCRAF7O6UZIlAlkTs1SasiX9aP0Iw7wfD2mJ7wDTNfg2w7u5fSCwJk1OA==
  dependencies:
    core-js "^2.4.1"
    fbjs-css-vars "^1.0.0"
    isomorphic-fetch "^2.1.1"
    loose-envify "^1.0.0"
    object-assign "^4.1.0"
    promise "^7.1.1"
    setimmediate "^1.0.5"
    ua-parser-js "^0.7.18"

graphql@^14.0.2:
  version "14.1.1"
  resolved "https://registry.yarnpkg.com/graphql/-/graphql-14.1.1.tgz#d5d77df4b19ef41538d7215d1e7a28834619fac0"
  integrity sha512-C5zDzLqvfPAgTtP8AUPIt9keDabrdRAqSWjj2OPRKrKxI9Fb65I36s1uCs1UUBFnSWTdO7hyHi7z1ZbwKMKF6Q==
  dependencies:
    iterall "^1.2.2"

hoist-non-react-statics@^2.3.1, hoist-non-react-statics@^2.5.5:
  version "2.5.5"
  resolved "https://registry.yarnpkg.com/hoist-non-react-statics/-/hoist-non-react-statics-2.5.5.tgz#c5903cf409c0dfd908f388e619d86b9c1174cb47"
  integrity sha512-rqcy4pJo55FTTLWt+bU8ukscqHeE/e9KWvsOW2b/a3afxQZhwkQdT1rPPCJ0rYXdj4vNcasY8zHTH+jF/qStxw==

hoist-non-react-statics@^3.0.0:
  version "3.3.0"
  resolved "https://registry.yarnpkg.com/hoist-non-react-statics/-/hoist-non-react-statics-3.3.0.tgz#b09178f0122184fb95acf525daaecb4d8f45958b"
  integrity sha512-0XsbTXxgiaCDYDIWFcwkmerZPSwywfUqYmwT4jzewKTQSWoE6FCMoUVOeBJWK3E/CrWbxRG3m5GzY4lnIwGRBA==
  dependencies:
    react-is "^16.7.0"

iconv-lite@~0.4.13:
  version "0.4.24"
  resolved "https://registry.yarnpkg.com/iconv-lite/-/iconv-lite-0.4.24.tgz#2022b4b25fbddc21d2f524974a474aafe733908b"
  integrity sha512-v3MXnZAcvnywkTUEZomIActle7RXXeedOR31wwl7VlyoXO4Qi9arvSenNQWne1TcRwhCL1HwLI21bEqdpj8/rA==
  dependencies:
    safer-buffer ">= 2.1.2 < 3"

intl-format-cache@^2.0.5:
  version "2.1.0"
  resolved "https://registry.yarnpkg.com/intl-format-cache/-/intl-format-cache-2.1.0.tgz#04a369fecbfad6da6005bae1f14333332dcf9316"
  integrity sha1-BKNp/sv61tpgBbrh8UMzMy3PkxY=

intl-messageformat-parser@1.4.0:
  version "1.4.0"
  resolved "https://registry.yarnpkg.com/intl-messageformat-parser/-/intl-messageformat-parser-1.4.0.tgz#b43d45a97468cadbe44331d74bb1e8dea44fc075"
  integrity sha1-tD1FqXRoytvkQzHXS7Ho3qRPwHU=

intl-messageformat@^2.0.0, intl-messageformat@^2.1.0:
  version "2.2.0"
  resolved "https://registry.yarnpkg.com/intl-messageformat/-/intl-messageformat-2.2.0.tgz#345bcd46de630b7683330c2e52177ff5eab484fc"
  integrity sha1-NFvNRt5jC3aDMwwuUhd/9eq0hPw=
  dependencies:
    intl-messageformat-parser "1.4.0"

intl-relativeformat@^2.1.0:
  version "2.1.0"
  resolved "https://registry.yarnpkg.com/intl-relativeformat/-/intl-relativeformat-2.1.0.tgz#010f1105802251f40ac47d0e3e1a201348a255df"
  integrity sha1-AQ8RBYAiUfQKxH0OPhogE0iiVd8=
  dependencies:
    intl-messageformat "^2.0.0"

invariant@^2.1.1, invariant@^2.2.2:
  version "2.2.4"
  resolved "https://registry.yarnpkg.com/invariant/-/invariant-2.2.4.tgz#610f3c92c9359ce1db616e538008d23ff35158e6"
  integrity sha512-phJfQVBuaJM5raOpJjSfkiD6BpbCE4Ns//LaXl6wGYtUBY83nWS6Rf9tXm2e8VaK60JEjYldbPif/A2B1C2gNA==
  dependencies:
    loose-envify "^1.0.0"

is-stream@^1.0.1:
  version "1.1.0"
  resolved "https://registry.yarnpkg.com/is-stream/-/is-stream-1.1.0.tgz#12d4a3dd4e68e0b79ceb8dbc84173ae80d91ca44"
  integrity sha1-EtSj3U5o4Lec6428hBc66A2RykQ=

isomorphic-fetch@^2.1.1:
  version "2.2.1"
  resolved "https://registry.yarnpkg.com/isomorphic-fetch/-/isomorphic-fetch-2.2.1.tgz#611ae1acf14f5e81f729507472819fe9733558a9"
  integrity sha1-YRrhrPFPXoH3KVB0coGf6XM1WKk=
  dependencies:
    node-fetch "^1.0.1"
    whatwg-fetch ">=0.10.0"

iterall@^1.2.2:
  version "1.2.2"
  resolved "https://registry.yarnpkg.com/iterall/-/iterall-1.2.2.tgz#92d70deb8028e0c39ff3164fdbf4d8b088130cd7"
  integrity sha512-yynBb1g+RFUPY64fTrFv7nsjRrENBQJaX2UL+2Szc9REFrSNm1rpSXHGzhmAy7a9uv3vlvgBlXnf9RqmPH1/DA==

"js-tokens@^3.0.0 || ^4.0.0":
  version "4.0.0"
  resolved "https://registry.yarnpkg.com/js-tokens/-/js-tokens-4.0.0.tgz#19203fb59991df98e3a287050d4647cdeaf32499"
  integrity sha512-RdJUflcE3cUzKiMqQgsCu06FPu9UdIJO0beYbPhHN4k6apgJtifcoCtT9bcxOpYBtpD2kCM6Sbzg4CausW/PKQ==

lodash.flowright@^3.5.0:
  version "3.5.0"
  resolved "https://registry.yarnpkg.com/lodash.flowright/-/lodash.flowright-3.5.0.tgz#2b5fff399716d7e7dc5724fe9349f67065184d67"
  integrity sha1-K1//OZcW1+fcVyT+k0n2cGUYTWc=

lodash.isequal@^4.5.0:
  version "4.5.0"
  resolved "https://registry.yarnpkg.com/lodash.isequal/-/lodash.isequal-4.5.0.tgz#415c4478f2bcc30120c22ce10ed3226f7d3e18e0"
  integrity sha1-QVxEePK8wwEgwizhDtMib30+GOA=

loose-envify@^1.0.0, loose-envify@^1.1.0, loose-envify@^1.3.1:
  version "1.4.0"
  resolved "https://registry.yarnpkg.com/loose-envify/-/loose-envify-1.4.0.tgz#71ee51fa7be4caec1a63839f7e682d8132d30caf"
  integrity sha512-lyuxPGr/Wfhrlem2CL/UcnUc1zcqKAImBDzukY7Y5F/yQiNdko6+fRLevlw1HgMySw7f611UIY408EtxRSoK3Q==
  dependencies:
    js-tokens "^3.0.0 || ^4.0.0"

node-fetch@^1.0.1:
  version "1.7.3"
  resolved "https://registry.yarnpkg.com/node-fetch/-/node-fetch-1.7.3.tgz#980f6f72d85211a5347c6b2bc18c5b84c3eb47ef"
  integrity sha512-NhZ4CsKx7cYm2vSrBAr2PvFOe6sWDf0UYLRqA6svUYg7+/TSfVAu49jYC4BvQ4Sms9SZgdqGBgroqfDhJdTyKQ==
  dependencies:
    encoding "^0.1.11"
    is-stream "^1.0.1"

object-assign@^4.1.0, object-assign@^4.1.1:
  version "4.1.1"
  resolved "https://registry.yarnpkg.com/object-assign/-/object-assign-4.1.1.tgz#2109adc7965887cfc05cbbd442cac8bfbb360863"
  integrity sha1-IQmtx5ZYh8/AXLvUQsrIv7s2CGM=

promise@^7.1.1:
  version "7.3.1"
  resolved "https://registry.yarnpkg.com/promise/-/promise-7.3.1.tgz#064b72602b18f90f29192b8b1bc418ffd1ebd3bf"
  integrity sha512-nolQXZ/4L+bP/UGlkfaIujX9BKxGwmQ9OT4mOt5yvy8iK1h3wqTEJCijzGANTCCl9nWjY41juyAn2K3Q1hLLTg==
  dependencies:
    asap "~2.0.3"

prop-types@^15.6.0, prop-types@^15.6.2:
  version "15.6.2"
  resolved "https://registry.yarnpkg.com/prop-types/-/prop-types-15.6.2.tgz#05d5ca77b4453e985d60fc7ff8c859094a497102"
  integrity sha512-3pboPvLiWD7dkI3qf3KbUe6hKFKa52w+AE0VCqECtf+QHAKgOL37tTaNCnuX1nAAQ4ZhyP+kYVKf8rLmJ/feDQ==
  dependencies:
    loose-envify "^1.3.1"
    object-assign "^4.1.1"

ramda@^0.26.1:
  version "0.26.1"
  resolved "https://registry.yarnpkg.com/ramda/-/ramda-0.26.1.tgz#8d41351eb8111c55353617fc3bbffad8e4d35d06"
  integrity sha512-hLWjpy7EnsDBb0p+Z3B7rPi3GDeRG5ZtiI33kJhTt+ORCd38AbAIjB/9zRIUoeTbE/AVX5ZkU7m6bznsvrf8eQ==

react-apollo@^2.3.2:
  version "2.4.1"
  resolved "https://registry.yarnpkg.com/react-apollo/-/react-apollo-2.4.1.tgz#89db63ebacf01c1603553bb476f089492aaeab2c"
  integrity sha512-fSaiwXzY5xRmqKuGCtkMON8paL4/rKf4pB2aSI/0Ot8tn+gJisFqZ0iz9Pxvl6MHnJm1/gjJD3X1J4KmbYN2Yw==
  dependencies:
    fbjs "^1.0.0"
    hoist-non-react-statics "^3.0.0"
    invariant "^2.2.2"
    lodash.flowright "^3.5.0"
    lodash.isequal "^4.5.0"
    prop-types "^15.6.0"

react-device-detect@^1.6.2:
  version "1.6.2"
  resolved "https://registry.yarnpkg.com/react-device-detect/-/react-device-detect-1.6.2.tgz#2587e4d1dc15bdfce7a1bf5417624ecd2a2fc31f"
  integrity sha512-XIBgwIfpGAknm7tXe/YNbx4ieIR7IyFI3KNfSQk4UjHVy97UHe/nB7iJj8R/dDsI+I/ZzPR4HJ39Gh5tI4nhxw==

react-intl@^2.8.0:
  version "2.8.0"
  resolved "https://registry.yarnpkg.com/react-intl/-/react-intl-2.8.0.tgz#20b0c1f01d1292427768aa8ec9e51ab7e36503ba"
  integrity sha512-1cSasNkHxZOXYYhms9Q1tSEWF8AWZQNq3nPLB/j8mYV0ZTSt2DhGQXHfKrKQMu4cgj9J1Crqg7xFPICTBgzqtQ==
  dependencies:
    hoist-non-react-statics "^2.5.5"
    intl-format-cache "^2.0.5"
    intl-messageformat "^2.1.0"
    intl-relativeformat "^2.1.0"
    invariant "^2.1.1"

react-is@^16.7.0:
  version "16.7.0"
  resolved "https://registry.yarnpkg.com/react-is/-/react-is-16.7.0.tgz#c1bd21c64f1f1364c6f70695ec02d69392f41bfa"
  integrity sha512-Z0VRQdF4NPDoI0tsXVMLkJLiwEBa+RP66g0xDHxgxysxSoCUccSten4RTF/UFvZF1dZvZ9Zu1sx+MDXwcOR34g==

react-lifecycles-compat@^3.0.2:
  version "3.0.4"
  resolved "https://registry.yarnpkg.com/react-lifecycles-compat/-/react-lifecycles-compat-3.0.4.tgz#4f1a273afdfc8f3488a8c516bfda78f872352362"
  integrity sha512-fBASbA6LnOU9dOU2eW7aQ8xmYBSXUIWr+UmF9b1efZBazGNO+rcXT/icdKnYm2pTwcRylVUYwW7H1PHfLekVzA==

react@^16.5.2:
  version "16.7.0"
  resolved "https://registry.yarnpkg.com/react/-/react-16.7.0.tgz#b674ec396b0a5715873b350446f7ea0802ab6381"
  integrity sha512-StCz3QY8lxTb5cl2HJxjwLFOXPIFQp+p+hxQfc8WE0QiLfCtIlKj8/+5tjjKm8uSTlAW+fCPaavGFS06V9Ar3A==
  dependencies:
    loose-envify "^1.1.0"
    object-assign "^4.1.1"
    prop-types "^15.6.2"
    scheduler "^0.12.0"

recompose@^0.30.0:
  version "0.30.0"
  resolved "https://registry.yarnpkg.com/recompose/-/recompose-0.30.0.tgz#82773641b3927e8c7d24a0d87d65aeeba18aabd0"
  integrity sha512-ZTrzzUDa9AqUIhRk4KmVFihH0rapdCSMFXjhHbNrjAWxBuUD/guYlyysMnuHjlZC/KRiOKRtB4jf96yYSkKE8w==
  dependencies:
    "@babel/runtime" "^7.0.0"
    change-emitter "^0.1.2"
    fbjs "^0.8.1"
    hoist-non-react-statics "^2.3.1"
    react-lifecycles-compat "^3.0.2"
    symbol-observable "^1.0.4"

regenerator-runtime@^0.12.0:
  version "0.12.1"
  resolved "https://registry.yarnpkg.com/regenerator-runtime/-/regenerator-runtime-0.12.1.tgz#fa1a71544764c036f8c49b13a08b2594c9f8a0de"
  integrity sha512-odxIc1/vDlo4iZcfXqRYFj0vpXFNoGdKMAUieAlFYO6m/nl5e9KR/beGf41z4a1FI+aQgtjhuaSlDxQ0hmkrHg==

"safer-buffer@>= 2.1.2 < 3":
  version "2.1.2"
  resolved "https://registry.yarnpkg.com/safer-buffer/-/safer-buffer-2.1.2.tgz#44fa161b0187b9549dd84bb91802f9bd8385cd6a"
  integrity sha512-YZo3K82SD7Riyi0E1EQPojLz7kpepnSQI9IyPbHHg1XXXevb5dJI7tpyN2ADxGcQbHG7vcyRHk0cbwqcQriUtg==

scheduler@^0.12.0:
  version "0.12.0"
  resolved "https://registry.yarnpkg.com/scheduler/-/scheduler-0.12.0.tgz#8ab17699939c0aedc5a196a657743c496538647b"
  integrity sha512-t7MBR28Akcp4Jm+QoR63XgAi9YgCUmgvDHqf5otgAj4QvdoBE4ImCX0ffehefePPG+aitiYHp0g/mW6s4Tp+dw==
  dependencies:
    loose-envify "^1.1.0"
    object-assign "^4.1.1"

setimmediate@^1.0.5:
  version "1.0.5"
  resolved "https://registry.yarnpkg.com/setimmediate/-/setimmediate-1.0.5.tgz#290cbb232e306942d7d7ea9b83732ab7856f8285"
  integrity sha1-KQy7Iy4waULX1+qbg3Mqt4VvgoU=

symbol-observable@^1.0.2, symbol-observable@^1.0.4:
  version "1.2.0"
  resolved "https://registry.yarnpkg.com/symbol-observable/-/symbol-observable-1.2.0.tgz#c22688aed4eab3cdc2dfeacbb561660560a00804"
  integrity sha512-e900nM8RRtGhlV36KGEU9k65K3mPb1WV70OdjfxlG2EAuM1noi/E/BaW/uMhL7bPEssK8QV57vN3esixjUvcXQ==

tslib@^1.9.3:
  version "1.9.3"
  resolved "https://registry.yarnpkg.com/tslib/-/tslib-1.9.3.tgz#d7e4dd79245d85428c4d7e4822a79917954ca286"
  integrity sha512-4krF8scpejhaOgqzBEcGM7yDIEfi0/8+8zDRZhNZZ2kjmHJ4hv3zCbQWxoJGz1iw5U0Jl0nma13xzHXcncMavQ==

ua-parser-js@^0.7.18:
  version "0.7.19"
  resolved "https://registry.yarnpkg.com/ua-parser-js/-/ua-parser-js-0.7.19.tgz#94151be4c0a7fb1d001af7022fdaca4642659e4b"
  integrity sha512-T3PVJ6uz8i0HzPxOF9SWzWAlfN/DavlpQqepn22xgve/5QecC+XMCAtmUNnY7C9StehaV6exjUCI801lOI7QlQ==

whatwg-fetch@>=0.10.0:
  version "3.0.0"
  resolved "https://registry.yarnpkg.com/whatwg-fetch/-/whatwg-fetch-3.0.0.tgz#fc804e458cc460009b1a2b966bc8817d2578aefb"
  integrity sha512-9GSJUgz1D4MfyKU7KRqwOjXCXTqWdFNvEr7eUBYchQiVc744mqK/MzXPNR2WsPkmkOa4ywfg8C2n8h+13Bey1Q==

zen-observable-ts@^0.8.15:
  version "0.8.15"
  resolved "https://registry.yarnpkg.com/zen-observable-ts/-/zen-observable-ts-0.8.15.tgz#6cf7df6aa619076e4af2f707ccf8a6290d26699b"
  integrity sha512-sXKPWiw6JszNEkRv5dQ+lQCttyjHM2Iks74QU5NP8mMPS/NrzTlHDr780gf/wOBqmHkPO6NCLMlsa+fAQ8VE8w==
  dependencies:
    zen-observable "^0.8.0"

zen-observable@^0.8.0:
  version "0.8.13"
  resolved "https://registry.yarnpkg.com/zen-observable/-/zen-observable-0.8.13.tgz#a9f1b9dbdfd2d60a08761ceac6a861427d44ae2e"
  integrity sha512-fa+6aDUVvavYsefZw0zaZ/v3ckEtMgCFi30sn91SEZea4y/6jQp05E3omjkX91zV6RVdn15fqnFZ6RKjRGbp2g==
